
Microsoft Visual Studio Solution File, Format Version 12.00
# Visual Studio Version 17
VisualStudioVersion = 17.9.34728.123
MinimumVisualStudioVersion = 10.0.40219.1
Project("{FAE04EC0-301F-11D3-BF4B-00C04F79EFBC}") = "Wesky.Net.OpenTools", "Wesky.Net.OpenTools\Wesky.Net.OpenTools.csproj", "{22082C7F-605D-47EA-BD70-98C775131743}"
EndProject
Global
	GlobalSection(SolutionConfigurationPlatforms) = preSolution
		Debug|Any CPU = Debug|Any CPU
		Release|Any CPU = Release|Any CPU
	EndGlobalSection
	GlobalSection(ProjectConfigurationPlatforms) = postSolution
		{22082C7F-605D-47EA-BD70-98C775131743}.Debug|Any CPU.ActiveCfg = Debug|Any CPU
		{22082C7F-605D-47EA-BD70-98C775131743}.Debug|Any CPU.Build.0 = Debug|Any CPU
		{22082C7F-605D-47EA-BD70-98C775131743}.Release|Any CPU.ActiveCfg = Release|Any CPU
		{22082C7F-605D-47EA-BD70-98C775131743}.Release|Any CPU.Build.0 = Release|Any CPU
	EndGlobalSection
	GlobalSection(SolutionProperties) = preSolution
		HideSolutionNode = FALSE
	EndGlobalSection
	GlobalSection(ExtensibilityGlobals) = postSolution
		SolutionGuid = {89D18176-8574-4583-ACCC-001FE34E164E}
	EndGlobalSection
EndGlobal
